
Microsoft Visual Studio Solution File, Format Version 12.00
# Visual Studio Version 16
VisualStudioVersion = 16.0.30413.136
MinimumVisualStudioVersion = 10.0.40219.1
Project("{9A19103F-16F7-4668-BE54-9A1E7A4F7556}") = "TicketService", "TicketService\TicketService.csproj", "{8DA867F3-8AE8-4422-8D36-CCCB42294616}"
EndProject
Project("{9A19103F-16F7-4668-BE54-9A1E7A4F7556}") = "TicketService.Core", "TS.Core\TicketService.Core.csproj", "{36684E0A-D5A1-422C-A48C-27E637898496}"
EndProject
Project("{9A19103F-16F7-4668-BE54-9A1E7A4F7556}") = "TicketService.DAL", "TicketService.DAL\TicketService.DAL.csproj", "{6B3458CD-5DF3-4B84-8100-D847459D0340}"
EndProject
Project("{FAE04EC0-301F-11D3-BF4B-00C04F79EFBC}") = "TicketServiceTest", "TicketServiceTest\TicketServiceTest.csproj", "{D6698CB7-E1E4-4087-B1C1-AD715AB3DA69}"
EndProject
Global
	GlobalSection(SolutionConfigurationPlatforms) = preSolution
		Debug|Any CPU = Debug|Any CPU
		Release|Any CPU = Release|Any CPU
	EndGlobalSection
	GlobalSection(ProjectConfigurationPlatforms) = postSolution
		{8DA867F3-8AE8-4422-8D36-CCCB42294616}.Debug|Any CPU.ActiveCfg = Debug|Any CPU
		{8DA867F3-8AE8-4422-8D36-CCCB42294616}.Debug|Any CPU.Build.0 = Debug|Any CPU
		{8DA867F3-8AE8-4422-8D36-CCCB42294616}.Release|Any CPU.ActiveCfg = Release|Any CPU
		{8DA867F3-8AE8-4422-8D36-CCCB42294616}.Release|Any CPU.Build.0 = Release|Any CPU
		{36684E0A-D5A1-422C-A48C-27E637898496}.Debug|Any CPU.ActiveCfg = Debug|Any CPU
		{36684E0A-D5A1-422C-A48C-27E637898496}.Debug|Any CPU.Build.0 = Debug|Any CPU
		{36684E0A-D5A1-422C-A48C-27E637898496}.Release|Any CPU.ActiveCfg = Release|Any CPU
		{36684E0A-D5A1-422C-A48C-27E637898496}.Release|Any CPU.Build.0 = Release|Any CPU
		{6B3458CD-5DF3-4B84-8100-D847459D0340}.Debug|Any CPU.ActiveCfg = Debug|Any CPU
		{6B3458CD-5DF3-4B84-8100-D847459D0340}.Debug|Any CPU.Build.0 = Debug|Any CPU
		{6B3458CD-5DF3-4B84-8100-D847459D0340}.Release|Any CPU.ActiveCfg = Release|Any CPU
		{6B3458CD-5DF3-4B84-8100-D847459D0340}.Release|Any CPU.Build.0 = Release|Any CPU
		{D6698CB7-E1E4-4087-B1C1-AD715AB3DA69}.Debug|Any CPU.ActiveCfg = Debug|Any CPU
		{D6698CB7-E1E4-4087-B1C1-AD715AB3DA69}.Debug|Any CPU.Build.0 = Debug|Any CPU
		{D6698CB7-E1E4-4087-B1C1-AD715AB3DA69}.Release|Any CPU.ActiveCfg = Release|Any CPU
		{D6698CB7-E1E4-4087-B1C1-AD715AB3DA69}.Release|Any CPU.Build.0 = Release|Any CPU
	EndGlobalSection
	GlobalSection(SolutionProperties) = preSolution
		HideSolutionNode = FALSE
	EndGlobalSection
	GlobalSection(ExtensibilityGlobals) = postSolution
		SolutionGuid = {F1F767BF-3C40-4039-9A69-78F16B58E315}
	EndGlobalSection
EndGlobal
